
Microsoft Visual Studio Solution File, Format Version 12.00
# Visual Studio Version 17
VisualStudioVersion = 17.12.35527.113 d17.12
MinimumVisualStudioVersion = 10.0.40219.1
Project("{E24C65DC-7377-472B-9ABA-BC803B73C61A}") = "14_DynamicTexboxs", "14_DynamicTexboxs\", "{FF5FAC18-8D25-412B-B74A-FA12E20C0B27}"
	ProjectSection(WebsiteProperties) = preProject
		TargetFrameworkMoniker = ".NETFramework,Version%3Dv4.7.2"
		Debug.AspNetCompiler.VirtualPath = "/localhost_49622"
		Debug.AspNetCompiler.PhysicalPath = "14_DynamicTexboxs\"
		Debug.AspNetCompiler.TargetPath = "PrecompiledWeb\localhost_49622\"
		Debug.AspNetCompiler.Updateable = "true"
		Debug.AspNetCompiler.ForceOverwrite = "true"
		Debug.AspNetCompiler.FixedNames = "false"
		Debug.AspNetCompiler.Debug = "True"
		Release.AspNetCompiler.VirtualPath = "/localhost_49622"
		Release.AspNetCompiler.PhysicalPath = "14_DynamicTexboxs\"
		Release.AspNetCompiler.TargetPath = "PrecompiledWeb\localhost_49622\"
		Release.AspNetCompiler.Updateable = "true"
		Release.AspNetCompiler.ForceOverwrite = "true"
		Release.AspNetCompiler.FixedNames = "false"
		Release.AspNetCompiler.Debug = "False"
		VWDPort = "49622"
		SlnRelativePath = "14_DynamicTexboxs\"
		DefaultWebSiteLanguage = "Visual C#"
	EndProjectSection
EndProject
Global
	GlobalSection(SolutionConfigurationPlatforms) = preSolution
		Debug|Any CPU = Debug|Any CPU
	EndGlobalSection
	GlobalSection(ProjectConfigurationPlatforms) = postSolution
		{FF5FAC18-8D25-412B-B74A-FA12E20C0B27}.Debug|Any CPU.ActiveCfg = Debug|Any CPU
		{FF5FAC18-8D25-412B-B74A-FA12E20C0B27}.Debug|Any CPU.Build.0 = Debug|Any CPU
	EndGlobalSection
	GlobalSection(SolutionProperties) = preSolution
		HideSolutionNode = FALSE
	EndGlobalSection
EndGlobal
