
Microsoft Visual Studio Solution File, Format Version 12.00
# Visual Studio Version 17
VisualStudioVersion = 17.12.35527.113 d17.12
MinimumVisualStudioVersion = 10.0.40219.1
Project("{E24C65DC-7377-472B-9ABA-BC803B73C61A}") = "21_Img_Rotate", "21_Img_Rotate\", "{77B8B07E-BEAA-4C38-82B3-C4AE981BB3F0}"
	ProjectSection(WebsiteProperties) = preProject
		TargetFrameworkMoniker = ".NETFramework,Version%3Dv4.7.2"
		Debug.AspNetCompiler.VirtualPath = "/localhost_62891"
		Debug.AspNetCompiler.PhysicalPath = "21_Img_Rotate\"
		Debug.AspNetCompiler.TargetPath = "PrecompiledWeb\localhost_62891\"
		Debug.AspNetCompiler.Updateable = "true"
		Debug.AspNetCompiler.ForceOverwrite = "true"
		Debug.AspNetCompiler.FixedNames = "false"
		Debug.AspNetCompiler.Debug = "True"
		Release.AspNetCompiler.VirtualPath = "/localhost_62891"
		Release.AspNetCompiler.PhysicalPath = "21_Img_Rotate\"
		Release.AspNetCompiler.TargetPath = "PrecompiledWeb\localhost_62891\"
		Release.AspNetCompiler.Updateable = "true"
		Release.AspNetCompiler.ForceOverwrite = "true"
		Release.AspNetCompiler.FixedNames = "false"
		Release.AspNetCompiler.Debug = "False"
		VWDPort = "62891"
		SlnRelativePath = "21_Img_Rotate\"
		DefaultWebSiteLanguage = "Visual C#"
	EndProjectSection
EndProject
Global
	GlobalSection(SolutionConfigurationPlatforms) = preSolution
		Debug|Any CPU = Debug|Any CPU
	EndGlobalSection
	GlobalSection(ProjectConfigurationPlatforms) = postSolution
		{77B8B07E-BEAA-4C38-82B3-C4AE981BB3F0}.Debug|Any CPU.ActiveCfg = Debug|Any CPU
		{77B8B07E-BEAA-4C38-82B3-C4AE981BB3F0}.Debug|Any CPU.Build.0 = Debug|Any CPU
	EndGlobalSection
	GlobalSection(SolutionProperties) = preSolution
		HideSolutionNode = FALSE
	EndGlobalSection
EndGlobal
