
Microsoft Visual Studio Solution File, Format Version 12.00
# Visual Studio Version 17
VisualStudioVersion = 17.12.35527.113 d17.12
MinimumVisualStudioVersion = 10.0.40219.1
Project("{E24C65DC-7377-472B-9ABA-BC803B73C61A}") = "07BgImgChange", "07BgImgChange\", "{2B72DA24-FEDA-42A9-9E0D-EB9BC528D896}"
	ProjectSection(WebsiteProperties) = preProject
		TargetFrameworkMoniker = ".NETFramework,Version%3Dv4.7.2"
		Debug.AspNetCompiler.VirtualPath = "/localhost_58297"
		Debug.AspNetCompiler.PhysicalPath = "07BgImgChange\"
		Debug.AspNetCompiler.TargetPath = "PrecompiledWeb\localhost_58297\"
		Debug.AspNetCompiler.Updateable = "true"
		Debug.AspNetCompiler.ForceOverwrite = "true"
		Debug.AspNetCompiler.FixedNames = "false"
		Debug.AspNetCompiler.Debug = "True"
		Release.AspNetCompiler.VirtualPath = "/localhost_58297"
		Release.AspNetCompiler.PhysicalPath = "07BgImgChange\"
		Release.AspNetCompiler.TargetPath = "PrecompiledWeb\localhost_58297\"
		Release.AspNetCompiler.Updateable = "true"
		Release.AspNetCompiler.ForceOverwrite = "true"
		Release.AspNetCompiler.FixedNames = "false"
		Release.AspNetCompiler.Debug = "False"
		VWDPort = "58297"
		SlnRelativePath = "07BgImgChange\"
		DefaultWebSiteLanguage = "Visual C#"
	EndProjectSection
EndProject
Global
	GlobalSection(SolutionConfigurationPlatforms) = preSolution
		Debug|Any CPU = Debug|Any CPU
	EndGlobalSection
	GlobalSection(ProjectConfigurationPlatforms) = postSolution
		{2B72DA24-FEDA-42A9-9E0D-EB9BC528D896}.Debug|Any CPU.ActiveCfg = Debug|Any CPU
		{2B72DA24-FEDA-42A9-9E0D-EB9BC528D896}.Debug|Any CPU.Build.0 = Debug|Any CPU
	EndGlobalSection
	GlobalSection(SolutionProperties) = preSolution
		HideSolutionNode = FALSE
	EndGlobalSection
EndGlobal
