
Microsoft Visual Studio Solution File, Format Version 12.00
# Visual Studio Version 17
VisualStudioVersion = 17.12.35527.113 d17.12
MinimumVisualStudioVersion = 10.0.40219.1
Project("{E24C65DC-7377-472B-9ABA-BC803B73C61A}") = "26_StopWatch", "26_StopWatch\", "{E3B0BDCE-42AD-4945-BE79-36E7B2C1FC2F}"
	ProjectSection(WebsiteProperties) = preProject
		TargetFrameworkMoniker = ".NETFramework,Version%3Dv4.7.2"
		Debug.AspNetCompiler.VirtualPath = "/localhost_53029"
		Debug.AspNetCompiler.PhysicalPath = "26_StopWatch\"
		Debug.AspNetCompiler.TargetPath = "PrecompiledWeb\localhost_53029\"
		Debug.AspNetCompiler.Updateable = "true"
		Debug.AspNetCompiler.ForceOverwrite = "true"
		Debug.AspNetCompiler.FixedNames = "false"
		Debug.AspNetCompiler.Debug = "True"
		Release.AspNetCompiler.VirtualPath = "/localhost_53029"
		Release.AspNetCompiler.PhysicalPath = "26_StopWatch\"
		Release.AspNetCompiler.TargetPath = "PrecompiledWeb\localhost_53029\"
		Release.AspNetCompiler.Updateable = "true"
		Release.AspNetCompiler.ForceOverwrite = "true"
		Release.AspNetCompiler.FixedNames = "false"
		Release.AspNetCompiler.Debug = "False"
		VWDPort = "53029"
		SlnRelativePath = "26_StopWatch\"
		DefaultWebSiteLanguage = "Visual C#"
	EndProjectSection
EndProject
Global
	GlobalSection(SolutionConfigurationPlatforms) = preSolution
		Debug|Any CPU = Debug|Any CPU
	EndGlobalSection
	GlobalSection(ProjectConfigurationPlatforms) = postSolution
		{E3B0BDCE-42AD-4945-BE79-36E7B2C1FC2F}.Debug|Any CPU.ActiveCfg = Debug|Any CPU
		{E3B0BDCE-42AD-4945-BE79-36E7B2C1FC2F}.Debug|Any CPU.Build.0 = Debug|Any CPU
	EndGlobalSection
	GlobalSection(SolutionProperties) = preSolution
		HideSolutionNode = FALSE
	EndGlobalSection
EndGlobal
